
Microsoft Visual Studio Solution File, Format Version 12.00
Project("{FAE04EC0-301F-11D3-BF4B-00C04F79EFBC}") = "GrpcService", "GrpcService\GrpcService.csproj", "{4EDCFA82-5794-48B6-84BA-96D351246823}"
EndProject
Project("{FAE04EC0-301F-11D3-BF4B-00C04F79EFBC}") = "GrpcClient", "GrpcClient\GrpcClient.csproj", "{3BDD6EBD-C66A-4811-B3E0-5E01339E9233}"
EndProject
Global
	GlobalSection(SolutionConfigurationPlatforms) = preSolution
		Debug|Any CPU = Debug|Any CPU
		Release|Any CPU = Release|Any CPU
	EndGlobalSection
	GlobalSection(ProjectConfigurationPlatforms) = postSolution
		{4EDCFA82-5794-48B6-84BA-96D351246823}.Debug|Any CPU.ActiveCfg = Debug|Any CPU
		{4EDCFA82-5794-48B6-84BA-96D351246823}.Debug|Any CPU.Build.0 = Debug|Any CPU
		{4EDCFA82-5794-48B6-84BA-96D351246823}.Release|Any CPU.ActiveCfg = Release|Any CPU
		{4EDCFA82-5794-48B6-84BA-96D351246823}.Release|Any CPU.Build.0 = Release|Any CPU
		{3BDD6EBD-C66A-4811-B3E0-5E01339E9233}.Debug|Any CPU.ActiveCfg = Debug|Any CPU
		{3BDD6EBD-C66A-4811-B3E0-5E01339E9233}.Debug|Any CPU.Build.0 = Debug|Any CPU
		{3BDD6EBD-C66A-4811-B3E0-5E01339E9233}.Release|Any CPU.ActiveCfg = Release|Any CPU
		{3BDD6EBD-C66A-4811-B3E0-5E01339E9233}.Release|Any CPU.Build.0 = Release|Any CPU
	EndGlobalSection
EndGlobal
